// !$*UTF8*$!
{
	archiveVersion = 1;
	classes = {
	};
	objectVersion = 56;
	objects = {

/* Begin PBXBuildFile section */
		3BF155F029EAE08B00DAE88B /* ExamplesApp.swift in Sources */ = {isa = PBXBuildFile; fileRef = 3BF155EF29EAE08B00DAE88B /* ExamplesApp.swift */; };
		3BF155F229EAE08B00DAE88B /* ContentView.swift in Sources */ = {isa = PBXBuildFile; fileRef = 3BF155F129EAE08B00DAE88B /* ContentView.swift */; };
		3BF155F429EAE08B00DAE88B /* Assets.xcassets in Resources */ = {isa = PBXBuildFile; fileRef = 3BF155F329EAE08B00DAE88B /* Assets.xcassets */; };
		3BF155F729EAE08B00DAE88B /* Preview Assets.xcassets in Resources */ = {isa = PBXBuildFile; fileRef = 3BF155F629EAE08B00DAE88B /* Preview Assets.xcassets */; };
		3BF1560129EAE08B00DAE88B /* ExamplesTests.swift in Sources */ = {isa = PBXBuildFile; fileRef = 3BF1560029EAE08B00DAE88B /* ExamplesTests.swift */; };
		3BF1560B29EAE08B00DAE88B /* ExamplesUITests.swift in Sources */ = {isa = PBXBuildFile; fileRef = 3BF1560A29EAE08B00DAE88B /* ExamplesUITests.swift */; };
		3BF1560D29EAE08B00DAE88B /* ExamplesUITestsLaunchTests.swift in Sources */ = {isa = PBXBuildFile; fileRef = 3BF1560C29EAE08B00DAE88B /* ExamplesUITestsLaunchTests.swift */; };
		3BF1561D29EAE0AD00DAE88B /* ShakyConsole in Frameworks */ = {isa = PBXBuildFile; productRef = 3BF1561C29EAE0AD00DAE88B /* ShakyConsole */; };
/* End PBXBuildFile section */

/* Begin PBXContainerItemProxy section */
		3BF155FD29EAE08B00DAE88B /* PBXContainerItemProxy */ = {
			isa = PBXContainerItemProxy;
			containerPortal = 3BF155E429EAE08B00DAE88B /* Project object */;
			proxyType = 1;
			remoteGlobalIDString = 3BF155EB29EAE08B00DAE88B;
			remoteInfo = Examples;
		};
		3BF1560729EAE08B00DAE88B /* PBXContainerItemProxy */ = {
			isa = PBXContainerItemProxy;
			containerPortal = 3BF155E429EAE08B00DAE88B /* Project object */;
			proxyType = 1;
			remoteGlobalIDString = 3BF155EB29EAE08B00DAE88B;
			remoteInfo = Examples;
		};
/* End PBXContainerItemProxy section */

/* Begin PBXFileReference section */
		3BF155EC29EAE08B00DAE88B /* Examples.app */ = {isa = PBXFileReference; explicitFileType = wrapper.application; includeInIndex = 0; path = Examples.app; sourceTree = BUILT_PRODUCTS_DIR; };
		3BF155EF29EAE08B00DAE88B /* ExamplesApp.swift */ = {isa = PBXFileReference; lastKnownFileType = sourcecode.swift; path = ExamplesApp.swift; sourceTree = "<group>"; };
		3BF155F129EAE08B00DAE88B /* ContentView.swift */ = {isa = PBXFileReference; lastKnownFileType = sourcecode.swift; path = ContentView.swift; sourceTree = "<group>"; };
		3BF155F329EAE08B00DAE88B /* Assets.xcassets */ = {isa = PBXFileReference; lastKnownFileType = folder.assetcatalog; path = Assets.xcassets; sourceTree = "<group>"; };
		3BF155F629EAE08B00DAE88B /* Preview Assets.xcassets */ = {isa = PBXFileReference; lastKnownFileType = folder.assetcatalog; path = "Preview Assets.xcassets"; sourceTree = "<group>"; };
		3BF155FC29EAE08B00DAE88B /* ExamplesTests.xctest */ = {isa = PBXFileReference; explicitFileType = wrapper.cfbundle; includeInIndex = 0; path = ExamplesTests.xctest; sourceTree = BUILT_PRODUCTS_DIR; };
		3BF1560029EAE08B00DAE88B /* ExamplesTests.swift */ = {isa = PBXFileReference; lastKnownFileType = sourcecode.swift; path = ExamplesTests.swift; sourceTree = "<group>"; };
		3BF1560629EAE08B00DAE88B /* ExamplesUITests.xctest */ = {isa = PBXFileReference; explicitFileType = wrapper.cfbundle; includeInIndex = 0; path = ExamplesUITests.xctest; sourceTree = BUILT_PRODUCTS_DIR; };
		3BF1560A29EAE08B00DAE88B /* ExamplesUITests.swift */ = {isa = PBXFileReference; lastKnownFileType = sourcecode.swift; path = ExamplesUITests.swift; sourceTree = "<group>"; };
		3BF1560C29EAE08B00DAE88B /* ExamplesUITestsLaunchTests.swift */ = {isa = PBXFileReference; lastKnownFileType = sourcecode.swift; path = ExamplesUITestsLaunchTests.swift; sourceTree = "<group>"; };
		3BF1561A29EAE0A400DAE88B /* ShakyConsole */ = {isa = PBXFileReference; lastKnownFileType = wrapper; name = ShakyConsole; path = ..; sourceTree = "<group>"; };
/* End PBXFileReference section */

/* Begin PBXFrameworksBuildPhase section */
		3BF155E929EAE08B00DAE88B /* Frameworks */ = {
			isa = PBXFrameworksBuildPhase;
			buildActionMask = 2147483647;
			files = (
				3BF1561D29EAE0AD00DAE88B /* ShakyConsole in Frameworks */,
			);
			runOnlyForDeploymentPostprocessing = 0;
		};
		3BF155F929EAE08B00DAE88B /* Frameworks */ = {
			isa = PBXFrameworksBuildPhase;
			buildActionMask = 2147483647;
			files = (
			);
			runOnlyForDeploymentPostprocessing = 0;
		};
		3BF1560329EAE08B00DAE88B /* Frameworks */ = {
			isa = PBXFrameworksBuildPhase;
			buildActionMask = 2147483647;
			files = (
			);
			runOnlyForDeploymentPostprocessing = 0;
		};
/* End PBXFrameworksBuildPhase section */

/* Begin PBXGroup section */
		3BF155E329EAE08B00DAE88B = {
			isa = PBXGroup;
			children = (
				3BF1561929EAE0A400DAE88B /* Packages */,
				3BF155EE29EAE08B00DAE88B /* Examples */,
				3BF155FF29EAE08B00DAE88B /* ExamplesTests */,
				3BF1560929EAE08B00DAE88B /* ExamplesUITests */,
				3BF155ED29EAE08B00DAE88B /* Products */,
				3BF1561B29EAE0AD00DAE88B /* Frameworks */,
			);
			sourceTree = "<group>";
		};
		3BF155ED29EAE08B00DAE88B /* Products */ = {
			isa = PBXGroup;
			children = (
				3BF155EC29EAE08B00DAE88B /* Examples.app */,
				3BF155FC29EAE08B00DAE88B /* ExamplesTests.xctest */,
				3BF1560629EAE08B00DAE88B /* ExamplesUITests.xctest */,
			);
			name = Products;
			sourceTree = "<group>";
		};
		3BF155EE29EAE08B00DAE88B /* Examples */ = {
			isa = PBXGroup;
			children = (
				3BF155EF29EAE08B00DAE88B /* ExamplesApp.swift */,
				3BF155F129EAE08B00DAE88B /* ContentView.swift */,
				3BF155F329EAE08B00DAE88B /* Assets.xcassets */,
				3BF155F529EAE08B00DAE88B /* Preview Content */,
			);
			path = Examples;
			sourceTree = "<group>";
		};
		3BF155F529EAE08B00DAE88B /* Preview Content */ = {
			isa = PBXGroup;
			children = (
				3BF155F629EAE08B00DAE88B /* Preview Assets.xcassets */,
			);
			path = "Preview Content";
			sourceTree = "<group>";
		};
		3BF155FF29EAE08B00DAE88B /* ExamplesTests */ = {
			isa = PBXGroup;
			children = (
				3BF1560029EAE08B00DAE88B /* ExamplesTests.swift */,
			);
			path = ExamplesTests;
			sourceTree = "<group>";
		};
		3BF1560929EAE08B00DAE88B /* ExamplesUITests */ = {
			isa = PBXGroup;
			children = (
				3BF1560A29EAE08B00DAE88B /* ExamplesUITests.swift */,
				3BF1560C29EAE08B00DAE88B /* ExamplesUITestsLaunchTests.swift */,
			);
			path = ExamplesUITests;
			sourceTree = "<group>";
		};
		3BF1561929EAE0A400DAE88B /* Packages */ = {
			isa = PBXGroup;
			children = (
				3BF1561A29EAE0A400DAE88B /* ShakyConsole */,
			);
			name = Packages;
			sourceTree = "<group>";
		};
		3BF1561B29EAE0AD00DAE88B /* Frameworks */ = {
			isa = PBXGroup;
			children = (
			);
			name = Frameworks;
			sourceTree = "<group>";
		};
/* End PBXGroup section */

/* Begin PBXNativeTarget section */
		3BF155EB29EAE08B00DAE88B /* Examples */ = {
			isa = PBXNativeTarget;
			buildConfigurationList = 3BF1561029EAE08B00DAE88B /* Build configuration list for PBXNativeTarget "Examples" */;
			buildPhases = (
				3BF155E829EAE08B00DAE88B /* Sources */,
				3BF155E929EAE08B00DAE88B /* Frameworks */,
				3BF155EA29EAE08B00DAE88B /* Resources */,
			);
			buildRules = (
			);
			dependencies = (
			);
			name = Examples;
			packageProductDependencies = (
				3BF1561C29EAE0AD00DAE88B /* ShakyConsole */,
			);
			productName = Examples;
			productReference = 3BF155EC29EAE08B00DAE88B /* Examples.app */;
			productType = "com.apple.product-type.application";
		};
		3BF155FB29EAE08B00DAE88B /* ExamplesTests */ = {
			isa = PBXNativeTarget;
			buildConfigurationList = 3BF1561329EAE08B00DAE88B /* Build configuration list for PBXNativeTarget "ExamplesTests" */;
			buildPhases = (
				3BF155F829EAE08B00DAE88B /* Sources */,
				3BF155F929EAE08B00DAE88B /* Frameworks */,
				3BF155FA29EAE08B00DAE88B /* Resources */,
			);
			buildRules = (
			);
			dependencies = (
				3BF155FE29EAE08B00DAE88B /* PBXTargetDependency */,
			);
			name = ExamplesTests;
			productName = ExamplesTests;
			productReference = 3BF155FC29EAE08B00DAE88B /* ExamplesTests.xctest */;
			productType = "com.apple.product-type.bundle.unit-test";
		};
		3BF1560529EAE08B00DAE88B /* ExamplesUITests */ = {
			isa = PBXNativeTarget;
			buildConfigurationList = 3BF1561629EAE08B00DAE88B /* Build configuration list for PBXNativeTarget "ExamplesUITests" */;
			buildPhases = (
				3BF1560229EAE08B00DAE88B /* Sources */,
				3BF1560329EAE08B00DAE88B /* Frameworks */,
				3BF1560429EAE08B00DAE88B /* Resources */,
			);
			buildRules = (
			);
			dependencies = (
				3BF1560829EAE08B00DAE88B /* PBXTargetDependency */,
			);
			name = ExamplesUITests;
			productName = ExamplesUITests;
			productReference = 3BF1560629EAE08B00DAE88B /* ExamplesUITests.xctest */;
			productType = "com.apple.product-type.bundle.ui-testing";
		};
/* End PBXNativeTarget section */

/* Begin PBXProject section */
		3BF155E429EAE08B00DAE88B /* Project object */ = {
			isa = PBXProject;
			attributes = {
				BuildIndependentTargetsInParallel = 1;
				LastSwiftUpdateCheck = 1430;
				LastUpgradeCheck = 1430;
				TargetAttributes = {
					3BF155EB29EAE08B00DAE88B = {
						CreatedOnToolsVersion = 14.3;
					};
					3BF155FB29EAE08B00DAE88B = {
						CreatedOnToolsVersion = 14.3;
						TestTargetID = 3BF155EB29EAE08B00DAE88B;
					};
					3BF1560529EAE08B00DAE88B = {
						CreatedOnToolsVersion = 14.3;
						TestTargetID = 3BF155EB29EAE08B00DAE88B;
					};
				};
			};
			buildConfigurationList = 3BF155E729EAE08B00DAE88B /* Build configuration list for PBXProject "Examples" */;
			compatibilityVersion = "Xcode 14.0";
			developmentRegion = en;
			hasScannedForEncodings = 0;
			knownRegions = (
				en,
				Base,
			);
			mainGroup = 3BF155E329EAE08B00DAE88B;
			productRefGroup = 3BF155ED29EAE08B00DAE88B /* Products */;
			projectDirPath = "";
			projectRoot = "";
			targets = (
				3BF155EB29EAE08B00DAE88B /* Examples */,
				3BF155FB29EAE08B00DAE88B /* ExamplesTests */,
				3BF1560529EAE08B00DAE88B /* ExamplesUITests */,
			);
		};
/* End PBXProject section */

/* Begin PBXResourcesBuildPhase section */
		3BF155EA29EAE08B00DAE88B /* Resources */ = {
			isa = PBXResourcesBuildPhase;
			buildActionMask = 2147483647;
			files = (
				3BF155F729EAE08B00DAE88B /* Preview Assets.xcassets in Resources */,
				3BF155F429EAE08B00DAE88B /* Assets.xcassets in Resources */,
			);
			runOnlyForDeploymentPostprocessing = 0;
		};
		3BF155FA29EAE08B00DAE88B /* Resources */ = {
			isa = PBXResourcesBuildPhase;
			buildActionMask = 2147483647;
			files = (
			);
			runOnlyForDeploymentPostprocessing = 0;
		};
		3BF1560429EAE08B00DAE88B /* Resources */ = {
			isa = PBXResourcesBuildPhase;
			buildActionMask = 2147483647;
			files = (
			);
			runOnlyForDeploymentPostprocessing = 0;
		};
/* End PBXResourcesBuildPhase section */

/* Begin PBXSourcesBuildPhase section */
		3BF155E829EAE08B00DAE88B /* Sources */ = {
			isa = PBXSourcesBuildPhase;
			buildActionMask = 2147483647;
			files = (
				3BF155F229EAE08B00DAE88B /* ContentView.swift in Sources */,
				3BF155F029EAE08B00DAE88B /* ExamplesApp.swift in Sources */,
			);
			runOnlyForDeploymentPostprocessing = 0;
		};
		3BF155F829EAE08B00DAE88B /* Sources */ = {
			isa = PBXSourcesBuildPhase;
			buildActionMask = 2147483647;
			files = (
				3BF1560129EAE08B00DAE88B /* ExamplesTests.swift in Sources */,
			);
			runOnlyForDeploymentPostprocessing = 0;
		};
		3BF1560229EAE08B00DAE88B /* Sources */ = {
			isa = PBXSourcesBuildPhase;
			buildActionMask = 2147483647;
			files = (
				3BF1560D29EAE08B00DAE88B /* ExamplesUITestsLaunchTests.swift in Sources */,
				3BF1560B29EAE08B00DAE88B /* ExamplesUITests.swift in Sources */,
			);
			runOnlyForDeploymentPostprocessing = 0;
		};
/* End PBXSourcesBuildPhase section */

/* Begin PBXTargetDependency section */
		3BF155FE29EAE08B00DAE88B /* PBXTargetDependency */ = {
			isa = PBXTargetDependency;
			target = 3BF155EB29EAE08B00DAE88B /* Examples */;
			targetProxy = 3BF155FD29EAE08B00DAE88B /* PBXContainerItemProxy */;
		};
		3BF1560829EAE08B00DAE88B /* PBXTargetDependency */ = {
			isa = PBXTargetDependency;
			target = 3BF155EB29EAE08B00DAE88B /* Examples */;
			targetProxy = 3BF1560729EAE08B00DAE88B /* PBXContainerItemProxy */;
		};
/* End PBXTargetDependency section */

/* Begin XCBuildConfiguration section */
		3BF1560E29EAE08B00DAE88B /* Debug */ = {
			isa = XCBuildConfiguration;
			buildSettings = {
				ALWAYS_SEARCH_USER_PATHS = NO;
				CLANG_ANALYZER_NONNULL = YES;
				CLANG_ANALYZER_NUMBER_OBJECT_CONVERSION = YES_AGGRESSIVE;
				CLANG_CXX_LANGUAGE_STANDARD = "gnu++20";
				CLANG_ENABLE_MODULES = YES;
				CLANG_ENABLE_OBJC_ARC = YES;
				CLANG_ENABLE_OBJC_WEAK = YES;
				CLANG_WARN_BLOCK_CAPTURE_AUTORELEASING = YES;
				CLANG_WARN_BOOL_CONVERSION = YES;
				CLANG_WARN_COMMA = YES;
				CLANG_WARN_CONSTANT_CONVERSION = YES;
				CLANG_WARN_DEPRECATED_OBJC_IMPLEMENTATIONS = YES;
				CLANG_WARN_DIRECT_OBJC_ISA_USAGE = YES_ERROR;
				CLANG_WARN_DOCUMENTATION_COMMENTS = YES;
				CLANG_WARN_EMPTY_BODY = YES;
				CLANG_WARN_ENUM_CONVERSION = YES;
				CLANG_WARN_INFINITE_RECURSION = YES;
				CLANG_WARN_INT_CONVERSION = YES;
				CLANG_WARN_NON_LITERAL_NULL_CONVERSION = YES;
				CLANG_WARN_OBJC_IMPLICIT_RETAIN_SELF = YES;
				CLANG_WARN_OBJC_LITERAL_CONVERSION = YES;
				CLANG_WARN_OBJC_ROOT_CLASS = YES_ERROR;
				CLANG_WARN_QUOTED_INCLUDE_IN_FRAMEWORK_HEADER = YES;
				CLANG_WARN_RANGE_LOOP_ANALYSIS = YES;
				CLANG_WARN_STRICT_PROTOTYPES = YES;
				CLANG_WARN_SUSPICIOUS_MOVE = YES;
				CLANG_WARN_UNGUARDED_AVAILABILITY = YES_AGGRESSIVE;
				CLANG_WARN_UNREACHABLE_CODE = YES;
				CLANG_WARN__DUPLICATE_METHOD_MATCH = YES;
				COPY_PHASE_STRIP = NO;
				DEBUG_INFORMATION_FORMAT = dwarf;
				ENABLE_STRICT_OBJC_MSGSEND = YES;
				ENABLE_TESTABILITY = YES;
				GCC_C_LANGUAGE_STANDARD = gnu11;
				GCC_DYNAMIC_NO_PIC = NO;
				GCC_NO_COMMON_BLOCKS = YES;
				GCC_OPTIMIZATION_LEVEL = 0;
				GCC_PREPROCESSOR_DEFINITIONS = (
					"DEBUG=1",
					"$(inherited)",
				);
				GCC_WARN_64_TO_32_BIT_CONVERSION = YES;
				GCC_WARN_ABOUT_RETURN_TYPE = YES_ERROR;
				GCC_WARN_UNDECLARED_SELECTOR = YES;
				GCC_WARN_UNINITIALIZED_AUTOS = YES_AGGRESSIVE;
				GCC_WARN_UNUSED_FUNCTION = YES;
				GCC_WARN_UNUSED_VARIABLE = YES;
				IPHONEOS_DEPLOYMENT_TARGET = 16.4;
				MTL_ENABLE_DEBUG_INFO = INCLUDE_SOURCE;
				MTL_FAST_MATH = YES;
				ONLY_ACTIVE_ARCH = YES;
				SDKROOT = iphoneos;
				SWIFT_ACTIVE_COMPILATION_CONDITIONS = DEBUG;
				SWIFT_OPTIMIZATION_LEVEL = "-Onone";
			};
			name = Debug;
		};
		3BF1560F29EAE08B00DAE88B /* Release */ = {
			isa = XCBuildConfiguration;
			buildSettings = {
				ALWAYS_SEARCH_USER_PATHS = NO;
				CLANG_ANALYZER_NONNULL = YES;
				CLANG_ANALYZER_NUMBER_OBJECT_CONVERSION = YES_AGGRESSIVE;
				CLANG_CXX_LANGUAGE_STANDARD = "gnu++20";
				CLANG_ENABLE_MODULES = YES;
				CLANG_ENABLE_OBJC_ARC = YES;
				CLANG_ENABLE_OBJC_WEAK = YES;
				CLANG_WARN_BLOCK_CAPTURE_AUTORELEASING = YES;
				CLANG_WARN_BOOL_CONVERSION = YES;
				CLANG_WARN_COMMA = YES;
				CLANG_WARN_CONSTANT_CONVERSION = YES;
				CLANG_WARN_DEPRECATED_OBJC_IMPLEMENTATIONS = YES;
				CLANG_WARN_DIRECT_OBJC_ISA_USAGE = YES_ERROR;
				CLANG_WARN_DOCUMENTATION_COMMENTS = YES;
				CLANG_WARN_EMPTY_BODY = YES;
				CLANG_WARN_ENUM_CONVERSION = YES;
				CLANG_WARN_INFINITE_RECURSION = YES;
				CLANG_WARN_INT_CONVERSION = YES;
				CLANG_WARN_NON_LITERAL_NULL_CONVERSION = YES;
				CLANG_WARN_OBJC_IMPLICIT_RETAIN_SELF = YES;
				CLANG_WARN_OBJC_LITERAL_CONVERSION = YES;
				CLANG_WARN_OBJC_ROOT_CLASS = YES_ERROR;
				CLANG_WARN_QUOTED_INCLUDE_IN_FRAMEWORK_HEADER = YES;
				CLANG_WARN_RANGE_LOOP_ANALYSIS = YES;
				CLANG_WARN_STRICT_PROTOTYPES = YES;
				CLANG_WARN_SUSPICIOUS_MOVE = YES;
				CLANG_WARN_UNGUARDED_AVAILABILITY = YES_AGGRESSIVE;
				CLANG_WARN_UNREACHABLE_CODE = YES;
				CLANG_WARN__DUPLICATE_METHOD_MATCH = YES;
				COPY_PHASE_STRIP = NO;
				DEBUG_INFORMATION_FORMAT = "dwarf-with-dsym";
				ENABLE_NS_ASSERTIONS = NO;
				ENABLE_STRICT_OBJC_MSGSEND = YES;
				GCC_C_LANGUAGE_STANDARD = gnu11;
				GCC_NO_COMMON_BLOCKS = YES;
				GCC_WARN_64_TO_32_BIT_CONVERSION = YES;
				GCC_WARN_ABOUT_RETURN_TYPE = YES_ERROR;
				GCC_WARN_UNDECLARED_SELECTOR = YES;
				GCC_WARN_UNINITIALIZED_AUTOS = YES_AGGRESSIVE;
				GCC_WARN_UNUSED_FUNCTION = YES;
				GCC_WARN_UNUSED_VARIABLE = YES;
				IPHONEOS_DEPLOYMENT_TARGET = 16.4;
				MTL_ENABLE_DEBUG_INFO = NO;
				MTL_FAST_MATH = YES;
				SDKROOT = iphoneos;
				SWIFT_COMPILATION_MODE = wholemodule;
				SWIFT_OPTIMIZATION_LEVEL = "-O";
				VALIDATE_PRODUCT = YES;
			};
			name = Release;
		};
		3BF1561129EAE08B00DAE88B /* Debug */ = {
			isa = XCBuildConfiguration;
			buildSettings = {
				ASSETCATALOG_COMPILER_APPICON_NAME = AppIcon;
				ASSETCATALOG_COMPILER_GLOBAL_ACCENT_COLOR_NAME = AccentColor;
				CODE_SIGN_STYLE = Automatic;
				CURRENT_PROJECT_VERSION = 1;
				DEVELOPMENT_ASSET_PATHS = "\"Examples/Preview Content\"";
				DEVELOPMENT_TEAM = 66J4WZNF29;
				ENABLE_PREVIEWS = YES;
				GENERATE_INFOPLIST_FILE = YES;
				INFOPLIST_KEY_UIApplicationSceneManifest_Generation = YES;
				INFOPLIST_KEY_UIApplicationSupportsIndirectInputEvents = YES;
				INFOPLIST_KEY_UILaunchScreen_Generation = YES;
				INFOPLIST_KEY_UISupportedInterfaceOrientations_iPad = "UIInterfaceOrientationPortrait UIInterfaceOrientationPortraitUpsideDown UIInterfaceOrientationLandscapeLeft UIInterfaceOrientationLandscapeRight";
				INFOPLIST_KEY_UISupportedInterfaceOrientations_iPhone = "UIInterfaceOrientationPortrait UIInterfaceOrientationLandscapeLeft UIInterfaceOrientationLandscapeRight";
				LD_RUNPATH_SEARCH_PATHS = (
					"$(inherited)",
					"@executable_path/Frameworks",
				);
				MARKETING_VERSION = 1.0;
				PRODUCT_BUNDLE_IDENTIFIER = com.ferdinandgoeldner.Examples;
				PRODUCT_NAME = "$(TARGET_NAME)";
				SWIFT_EMIT_LOC_STRINGS = YES;
				SWIFT_VERSION = 5.0;
				TARGETED_DEVICE_FAMILY = "1,2";
			};
			name = Debug;
		};
		3BF1561229EAE08B00DAE88B /* Release */ = {
			isa = XCBuildConfiguration;
			buildSettings = {
				ASSETCATALOG_COMPILER_APPICON_NAME = AppIcon;
				ASSETCATALOG_COMPILER_GLOBAL_ACCENT_COLOR_NAME = AccentColor;
				CODE_SIGN_STYLE = Automatic;
				CURRENT_PROJECT_VERSION = 1;
				DEVELOPMENT_ASSET_PATHS = "\"Examples/Preview Content\"";
				DEVELOPMENT_TEAM = 66J4WZNF29;
				ENABLE_PREVIEWS = YES;
				GENERATE_INFOPLIST_FILE = YES;
				INFOPLIST_KEY_UIApplicationSceneManifest_Generation = YES;
				INFOPLIST_KEY_UIApplicationSupportsIndirectInputEvents = YES;
				INFOPLIST_KEY_UILaunchScreen_Generation = YES;
				INFOPLIST_KEY_UISupportedInterfaceOrientations_iPad = "UIInterfaceOrientationPortrait UIInterfaceOrientationPortraitUpsideDown UIInterfaceOrientationLandscapeLeft UIInterfaceOrientationLandscapeRight";
				INFOPLIST_KEY_UISupportedInterfaceOrientations_iPhone = "UIInterfaceOrientationPortrait UIInterfaceOrientationLandscapeLeft UIInterfaceOrientationLandscapeRight";
				LD_RUNPATH_SEARCH_PATHS = (
					"$(inherited)",
					"@executable_path/Frameworks",
				);
				MARKETING_VERSION = 1.0;
				PRODUCT_BUNDLE_IDENTIFIER = com.ferdinandgoeldner.Examples;
				PRODUCT_NAME = "$(TARGET_NAME)";
				SWIFT_EMIT_LOC_STRINGS = YES;
				SWIFT_VERSION = 5.0;
				TARGETED_DEVICE_FAMILY = "1,2";
			};
			name = Release;
		};
		3BF1561429EAE08B00DAE88B /* Debug */ = {
			isa = XCBuildConfiguration;
			buildSettings = {
				ALWAYS_EMBED_SWIFT_STANDARD_LIBRARIES = YES;
				BUNDLE_LOADER = "$(TEST_HOST)";
				CODE_SIGN_STYLE = Automatic;
				CURRENT_PROJECT_VERSION = 1;
				DEVELOPMENT_TEAM = 66J4WZNF29;
				GENERATE_INFOPLIST_FILE = YES;
				IPHONEOS_DEPLOYMENT_TARGET = 16.4;
				MARKETING_VERSION = 1.0;
				PRODUCT_BUNDLE_IDENTIFIER = com.ferdinandgoeldner.ExamplesTests;
				PRODUCT_NAME = "$(TARGET_NAME)";
				SWIFT_EMIT_LOC_STRINGS = NO;
				SWIFT_VERSION = 5.0;
				TARGETED_DEVICE_FAMILY = "1,2";
				TEST_HOST = "$(BUILT_PRODUCTS_DIR)/Examples.app/$(BUNDLE_EXECUTABLE_FOLDER_PATH)/Examples";
			};
			name = Debug;
		};
		3BF1561529EAE08B00DAE88B /* Release */ = {
			isa = XCBuildConfiguration;
			buildSettings = {
				ALWAYS_EMBED_SWIFT_STANDARD_LIBRARIES = YES;
				BUNDLE_LOADER = "$(TEST_HOST)";
				CODE_SIGN_STYLE = Automatic;
				CURRENT_PROJECT_VERSION = 1;
				DEVELOPMENT_TEAM = 66J4WZNF29;
				GENERATE_INFOPLIST_FILE = YES;
				IPHONEOS_DEPLOYMENT_TARGET = 16.4;
				MARKETING_VERSION = 1.0;
				PRODUCT_BUNDLE_IDENTIFIER = com.ferdinandgoeldner.ExamplesTests;
				PRODUCT_NAME = "$(TARGET_NAME)";
				SWIFT_EMIT_LOC_STRINGS = NO;
				SWIFT_VERSION = 5.0;
				TARGETED_DEVICE_FAMILY = "1,2";
				TEST_HOST = "$(BUILT_PRODUCTS_DIR)/Examples.app/$(BUNDLE_EXECUTABLE_FOLDER_PATH)/Examples";
			};
			name = Release;
		};
		3BF1561729EAE08B00DAE88B /* Debug */ = {
			isa = XCBuildConfiguration;
			buildSettings = {
				ALWAYS_EMBED_SWIFT_STANDARD_LIBRARIES = YES;
				CODE_SIGN_STYLE = Automatic;
				CURRENT_PROJECT_VERSION = 1;
				DEVELOPMENT_TEAM = 66J4WZNF29;
				GENERATE_INFOPLIST_FILE = YES;
				MARKETING_VERSION = 1.0;
				PRODUCT_BUNDLE_IDENTIFIER = com.ferdinandgoeldner.ExamplesUITests;
				PRODUCT_NAME = "$(TARGET_NAME)";
				SWIFT_EMIT_LOC_STRINGS = NO;
				SWIFT_VERSION = 5.0;
				TARGETED_DEVICE_FAMILY = "1,2";
				TEST_TARGET_NAME = Examples;
			};
			name = Debug;
		};
		3BF1561829EAE08B00DAE88B /* Release */ = {
			isa = XCBuildConfiguration;
			buildSettings = {
				ALWAYS_EMBED_SWIFT_STANDARD_LIBRARIES = YES;
				CODE_SIGN_STYLE = Automatic;
				CURRENT_PROJECT_VERSION = 1;
				DEVELOPMENT_TEAM = 66J4WZNF29;
				GENERATE_INFOPLIST_FILE = YES;
				MARKETING_VERSION = 1.0;
				PRODUCT_BUNDLE_IDENTIFIER = com.ferdinandgoeldner.ExamplesUITests;
				PRODUCT_NAME = "$(TARGET_NAME)";
				SWIFT_EMIT_LOC_STRINGS = NO;
				SWIFT_VERSION = 5.0;
				TARGETED_DEVICE_FAMILY = "1,2";
				TEST_TARGET_NAME = Examples;
			};
			name = Release;
		};
/* End XCBuildConfiguration section */

/* Begin XCConfigurationList section */
		3BF155E729EAE08B00DAE88B /* Build configuration list for PBXProject "Examples" */ = {
			isa = XCConfigurationList;
			buildConfigurations = (
				3BF1560E29EAE08B00DAE88B /* Debug */,
				3BF1560F29EAE08B00DAE88B /* Release */,
			);
			defaultConfigurationIsVisible = 0;
			defaultConfigurationName = Release;
		};
		3BF1561029EAE08B00DAE88B /* Build configuration list for PBXNativeTarget "Examples" */ = {
			isa = XCConfigurationList;
			buildConfigurations = (
				3BF1561129EAE08B00DAE88B /* Debug */,
				3BF1561229EAE08B00DAE88B /* Release */,
			);
			defaultConfigurationIsVisible = 0;
			defaultConfigurationName = Release;
		};
		3BF1561329EAE08B00DAE88B /* Build configuration list for PBXNativeTarget "ExamplesTests" */ = {
			isa = XCConfigurationList;
			buildConfigurations = (
				3BF1561429EAE08B00DAE88B /* Debug */,
				3BF1561529EAE08B00DAE88B /* Release */,
			);
			defaultConfigurationIsVisible = 0;
			defaultConfigurationName = Release;
		};
		3BF1561629EAE08B00DAE88B /* Build configuration list for PBXNativeTarget "ExamplesUITests" */ = {
			isa = XCConfigurationList;
			buildConfigurations = (
				3BF1561729EAE08B00DAE88B /* Debug */,
				3BF1561829EAE08B00DAE88B /* Release */,
			);
			defaultConfigurationIsVisible = 0;
			defaultConfigurationName = Release;
		};
/* End XCConfigurationList section */

/* Begin XCSwiftPackageProductDependency section */
		3BF1561C29EAE0AD00DAE88B /* ShakyConsole */ = {
			isa = XCSwiftPackageProductDependency;
			productName = ShakyConsole;
		};
/* End XCSwiftPackageProductDependency section */
	};
	rootObject = 3BF155E429EAE08B00DAE88B /* Project object */;
}
